
Microsoft Visual Studio Solution File, Format Version 12.00
# Visual Studio Version 16
VisualStudioVersion = 16.0.30907.101
MinimumVisualStudioVersion = 10.0.40219.1
Project("{9A19103F-16F7-4668-BE54-9A1E7A4F7556}") = "ISPExercise1", "ISPExercise1\ISPExercise1.csproj", "{4FB488F5-D893-4BED-85EC-05DD9B15338A}"
EndProject
Project("{FAE04EC0-301F-11D3-BF4B-00C04F79EFBC}") = "ISPTests", "ISPTests\ISPTests.csproj", "{DBD3AFD7-EB86-4248-B5C6-24F790C1AE56}"
EndProject
Global
	GlobalSection(SolutionConfigurationPlatforms) = preSolution
		Debug|Any CPU = Debug|Any CPU
		Release|Any CPU = Release|Any CPU
	EndGlobalSection
	GlobalSection(ProjectConfigurationPlatforms) = postSolution
		{4FB488F5-D893-4BED-85EC-05DD9B15338A}.Debug|Any CPU.ActiveCfg = Debug|Any CPU
		{4FB488F5-D893-4BED-85EC-05DD9B15338A}.Debug|Any CPU.Build.0 = Debug|Any CPU
		{4FB488F5-D893-4BED-85EC-05DD9B15338A}.Release|Any CPU.ActiveCfg = Release|Any CPU
		{4FB488F5-D893-4BED-85EC-05DD9B15338A}.Release|Any CPU.Build.0 = Release|Any CPU
		{DBD3AFD7-EB86-4248-B5C6-24F790C1AE56}.Debug|Any CPU.ActiveCfg = Debug|Any CPU
		{DBD3AFD7-EB86-4248-B5C6-24F790C1AE56}.Debug|Any CPU.Build.0 = Debug|Any CPU
		{DBD3AFD7-EB86-4248-B5C6-24F790C1AE56}.Release|Any CPU.ActiveCfg = Release|Any CPU
		{DBD3AFD7-EB86-4248-B5C6-24F790C1AE56}.Release|Any CPU.Build.0 = Release|Any CPU
	EndGlobalSection
	GlobalSection(SolutionProperties) = preSolution
		HideSolutionNode = FALSE
	EndGlobalSection
	GlobalSection(ExtensibilityGlobals) = postSolution
		SolutionGuid = {DF57C575-15FC-4555-A9F8-BE6DD0B48BB5}
	EndGlobalSection
EndGlobal
