
Microsoft Visual Studio Solution File, Format Version 12.00
# Visual Studio Version 16
VisualStudioVersion = 16.0.30907.101
MinimumVisualStudioVersion = 10.0.40219.1
Project("{FAE04EC0-301F-11D3-BF4B-00C04F79EFBC}") = "DIP_Demo", "DIP_Demo\DIP_Demo.csproj", "{153E2E53-AF1B-4237-B24A-8D8FA7C39A13}"
EndProject
Global
	GlobalSection(SolutionConfigurationPlatforms) = preSolution
		Debug|Any CPU = Debug|Any CPU
		Release|Any CPU = Release|Any CPU
	EndGlobalSection
	GlobalSection(ProjectConfigurationPlatforms) = postSolution
		{153E2E53-AF1B-4237-B24A-8D8FA7C39A13}.Debug|Any CPU.ActiveCfg = Debug|Any CPU
		{153E2E53-AF1B-4237-B24A-8D8FA7C39A13}.Debug|Any CPU.Build.0 = Debug|Any CPU
		{153E2E53-AF1B-4237-B24A-8D8FA7C39A13}.Release|Any CPU.ActiveCfg = Release|Any CPU
		{153E2E53-AF1B-4237-B24A-8D8FA7C39A13}.Release|Any CPU.Build.0 = Release|Any CPU
	EndGlobalSection
	GlobalSection(SolutionProperties) = preSolution
		HideSolutionNode = FALSE
	EndGlobalSection
	GlobalSection(ExtensibilityGlobals) = postSolution
		SolutionGuid = {1354363E-D5E4-4974-84A7-8310EFE6896B}
	EndGlobalSection
EndGlobal
